// !$*UTF8*$!
{
	archiveVersion = 1;
	classes = {
	};
	objectVersion = 56;
	objects = {

/* Begin PBXBuildFile section */
		19FAC8382C41A8C10048471D /* omise_ios_payment_funApp.swift in Sources */ = {isa = PBXBuildFile; fileRef = 19FAC8372C41A8C10048471D /* omise_ios_payment_funApp.swift */; };
		19FAC83A2C41A8C10048471D /* ContentView.swift in Sources */ = {isa = PBXBuildFile; fileRef = 19FAC8392C41A8C10048471D /* ContentView.swift */; };
		19FAC83C2C41A8C20048471D /* Assets.xcassets in Resources */ = {isa = PBXBuildFile; fileRef = 19FAC83B2C41A8C20048471D /* Assets.xcassets */; };
		19FAC83F2C41A8C20048471D /* Preview Assets.xcassets in Resources */ = {isa = PBXBuildFile; fileRef = 19FAC83E2C41A8C20048471D /* Preview Assets.xcassets */; };
		19FAC8492C41A8C20048471D /* omise_ios_payment_funTests.swift in Sources */ = {isa = PBXBuildFile; fileRef = 19FAC8482C41A8C20048471D /* omise_ios_payment_funTests.swift */; };
		19FAC8532C41A8C20048471D /* omise_ios_payment_funUITests.swift in Sources */ = {isa = PBXBuildFile; fileRef = 19FAC8522C41A8C20048471D /* omise_ios_payment_funUITests.swift */; };
		19FAC8552C41A8C20048471D /* omise_ios_payment_funUITestsLaunchTests.swift in Sources */ = {isa = PBXBuildFile; fileRef = 19FAC8542C41A8C20048471D /* omise_ios_payment_funUITestsLaunchTests.swift */; };
/* End PBXBuildFile section */

/* Begin PBXContainerItemProxy section */
		19FAC8452C41A8C20048471D /* PBXContainerItemProxy */ = {
			isa = PBXContainerItemProxy;
			containerPortal = 19FAC82C2C41A8C10048471D /* Project object */;
			proxyType = 1;
			remoteGlobalIDString = 19FAC8332C41A8C10048471D;
			remoteInfo = "omise-ios-payment-fun";
		};
		19FAC84F2C41A8C20048471D /* PBXContainerItemProxy */ = {
			isa = PBXContainerItemProxy;
			containerPortal = 19FAC82C2C41A8C10048471D /* Project object */;
			proxyType = 1;
			remoteGlobalIDString = 19FAC8332C41A8C10048471D;
			remoteInfo = "omise-ios-payment-fun";
		};
/* End PBXContainerItemProxy section */

/* Begin PBXFileReference section */
		19FAC8342C41A8C10048471D /* omise-ios-payment-fun.app */ = {isa = PBXFileReference; explicitFileType = wrapper.application; includeInIndex = 0; path = "omise-ios-payment-fun.app"; sourceTree = BUILT_PRODUCTS_DIR; };
		19FAC8372C41A8C10048471D /* omise_ios_payment_funApp.swift */ = {isa = PBXFileReference; lastKnownFileType = sourcecode.swift; path = omise_ios_payment_funApp.swift; sourceTree = "<group>"; };
		19FAC8392C41A8C10048471D /* ContentView.swift */ = {isa = PBXFileReference; lastKnownFileType = sourcecode.swift; path = ContentView.swift; sourceTree = "<group>"; };
		19FAC83B2C41A8C20048471D /* Assets.xcassets */ = {isa = PBXFileReference; lastKnownFileType = folder.assetcatalog; path = Assets.xcassets; sourceTree = "<group>"; };
		19FAC83E2C41A8C20048471D /* Preview Assets.xcassets */ = {isa = PBXFileReference; lastKnownFileType = folder.assetcatalog; path = "Preview Assets.xcassets"; sourceTree = "<group>"; };
		19FAC8442C41A8C20048471D /* omise-ios-payment-funTests.xctest */ = {isa = PBXFileReference; explicitFileType = wrapper.cfbundle; includeInIndex = 0; path = "omise-ios-payment-funTests.xctest"; sourceTree = BUILT_PRODUCTS_DIR; };
		19FAC8482C41A8C20048471D /* omise_ios_payment_funTests.swift */ = {isa = PBXFileReference; lastKnownFileType = sourcecode.swift; path = omise_ios_payment_funTests.swift; sourceTree = "<group>"; };
		19FAC84E2C41A8C20048471D /* omise-ios-payment-funUITests.xctest */ = {isa = PBXFileReference; explicitFileType = wrapper.cfbundle; includeInIndex = 0; path = "omise-ios-payment-funUITests.xctest"; sourceTree = BUILT_PRODUCTS_DIR; };
		19FAC8522C41A8C20048471D /* omise_ios_payment_funUITests.swift */ = {isa = PBXFileReference; lastKnownFileType = sourcecode.swift; path = omise_ios_payment_funUITests.swift; sourceTree = "<group>"; };
		19FAC8542C41A8C20048471D /* omise_ios_payment_funUITestsLaunchTests.swift */ = {isa = PBXFileReference; lastKnownFileType = sourcecode.swift; path = omise_ios_payment_funUITestsLaunchTests.swift; sourceTree = "<group>"; };
/* End PBXFileReference section */

/* Begin PBXFrameworksBuildPhase section */
		19FAC8312C41A8C10048471D /* Frameworks */ = {
			isa = PBXFrameworksBuildPhase;
			buildActionMask = 2147483647;
			files = (
			);
			runOnlyForDeploymentPostprocessing = 0;
		};
		19FAC8412C41A8C20048471D /* Frameworks */ = {
			isa = PBXFrameworksBuildPhase;
			buildActionMask = 2147483647;
			files = (
			);
			runOnlyForDeploymentPostprocessing = 0;
		};
		19FAC84B2C41A8C20048471D /* Frameworks */ = {
			isa = PBXFrameworksBuildPhase;
			buildActionMask = 2147483647;
			files = (
			);
			runOnlyForDeploymentPostprocessing = 0;
		};
/* End PBXFrameworksBuildPhase section */

/* Begin PBXGroup section */
		19FAC82B2C41A8C10048471D = {
			isa = PBXGroup;
			children = (
				19FAC8362C41A8C10048471D /* omise-ios-payment-fun */,
				19FAC8472C41A8C20048471D /* omise-ios-payment-funTests */,
				19FAC8512C41A8C20048471D /* omise-ios-payment-funUITests */,
				19FAC8352C41A8C10048471D /* Products */,
			);
			sourceTree = "<group>";
		};
		19FAC8352C41A8C10048471D /* Products */ = {
			isa = PBXGroup;
			children = (
				19FAC8342C41A8C10048471D /* omise-ios-payment-fun.app */,
				19FAC8442C41A8C20048471D /* omise-ios-payment-funTests.xctest */,
				19FAC84E2C41A8C20048471D /* omise-ios-payment-funUITests.xctest */,
			);
			name = Products;
			sourceTree = "<group>";
		};
		19FAC8362C41A8C10048471D /* omise-ios-payment-fun */ = {
			isa = PBXGroup;
			children = (
				19FAC8372C41A8C10048471D /* omise_ios_payment_funApp.swift */,
				19FAC8392C41A8C10048471D /* ContentView.swift */,
				19FAC83B2C41A8C20048471D /* Assets.xcassets */,
				19FAC83D2C41A8C20048471D /* Preview Content */,
			);
			path = "omise-ios-payment-fun";
			sourceTree = "<group>";
		};
		19FAC83D2C41A8C20048471D /* Preview Content */ = {
			isa = PBXGroup;
			children = (
				19FAC83E2C41A8C20048471D /* Preview Assets.xcassets */,
			);
			path = "Preview Content";
			sourceTree = "<group>";
		};
		19FAC8472C41A8C20048471D /* omise-ios-payment-funTests */ = {
			isa = PBXGroup;
			children = (
				19FAC8482C41A8C20048471D /* omise_ios_payment_funTests.swift */,
			);
			path = "omise-ios-payment-funTests";
			sourceTree = "<group>";
		};
		19FAC8512C41A8C20048471D /* omise-ios-payment-funUITests */ = {
			isa = PBXGroup;
			children = (
				19FAC8522C41A8C20048471D /* omise_ios_payment_funUITests.swift */,
				19FAC8542C41A8C20048471D /* omise_ios_payment_funUITestsLaunchTests.swift */,
			);
			path = "omise-ios-payment-funUITests";
			sourceTree = "<group>";
		};
/* End PBXGroup section */

/* Begin PBXNativeTarget section */
		19FAC8332C41A8C10048471D /* omise-ios-payment-fun */ = {
			isa = PBXNativeTarget;
			buildConfigurationList = 19FAC8582C41A8C20048471D /* Build configuration list for PBXNativeTarget "omise-ios-payment-fun" */;
			buildPhases = (
				19FAC8302C41A8C10048471D /* Sources */,
				19FAC8312C41A8C10048471D /* Frameworks */,
				19FAC8322C41A8C10048471D /* Resources */,
			);
			buildRules = (
			);
			dependencies = (
			);
			name = "omise-ios-payment-fun";
			productName = "omise-ios-payment-fun";
			productReference = 19FAC8342C41A8C10048471D /* omise-ios-payment-fun.app */;
			productType = "com.apple.product-type.application";
		};
		19FAC8432C41A8C20048471D /* omise-ios-payment-funTests */ = {
			isa = PBXNativeTarget;
			buildConfigurationList = 19FAC85B2C41A8C20048471D /* Build configuration list for PBXNativeTarget "omise-ios-payment-funTests" */;
			buildPhases = (
				19FAC8402C41A8C20048471D /* Sources */,
				19FAC8412C41A8C20048471D /* Frameworks */,
				19FAC8422C41A8C20048471D /* Resources */,
			);
			buildRules = (
			);
			dependencies = (
				19FAC8462C41A8C20048471D /* PBXTargetDependency */,
			);
			name = "omise-ios-payment-funTests";
			productName = "omise-ios-payment-funTests";
			productReference = 19FAC8442C41A8C20048471D /* omise-ios-payment-funTests.xctest */;
			productType = "com.apple.product-type.bundle.unit-test";
		};
		19FAC84D2C41A8C20048471D /* omise-ios-payment-funUITests */ = {
			isa = PBXNativeTarget;
			buildConfigurationList = 19FAC85E2C41A8C20048471D /* Build configuration list for PBXNativeTarget "omise-ios-payment-funUITests" */;
			buildPhases = (
				19FAC84A2C41A8C20048471D /* Sources */,
				19FAC84B2C41A8C20048471D /* Frameworks */,
				19FAC84C2C41A8C20048471D /* Resources */,
			);
			buildRules = (
			);
			dependencies = (
				19FAC8502C41A8C20048471D /* PBXTargetDependency */,
			);
			name = "omise-ios-payment-funUITests";
			productName = "omise-ios-payment-funUITests";
			productReference = 19FAC84E2C41A8C20048471D /* omise-ios-payment-funUITests.xctest */;
			productType = "com.apple.product-type.bundle.ui-testing";
		};
/* End PBXNativeTarget section */

/* Begin PBXProject section */
		19FAC82C2C41A8C10048471D /* Project object */ = {
			isa = PBXProject;
			attributes = {
				BuildIndependentTargetsInParallel = 1;
				LastSwiftUpdateCheck = 1540;
				LastUpgradeCheck = 1540;
				TargetAttributes = {
					19FAC8332C41A8C10048471D = {
						CreatedOnToolsVersion = 15.4;
					};
					19FAC8432C41A8C20048471D = {
						CreatedOnToolsVersion = 15.4;
						TestTargetID = 19FAC8332C41A8C10048471D;
					};
					19FAC84D2C41A8C20048471D = {
						CreatedOnToolsVersion = 15.4;
						TestTargetID = 19FAC8332C41A8C10048471D;
					};
				};
			};
			buildConfigurationList = 19FAC82F2C41A8C10048471D /* Build configuration list for PBXProject "omise-ios-payment-fun" */;
			compatibilityVersion = "Xcode 14.0";
			developmentRegion = en;
			hasScannedForEncodings = 0;
			knownRegions = (
				en,
				Base,
			);
			mainGroup = 19FAC82B2C41A8C10048471D;
			productRefGroup = 19FAC8352C41A8C10048471D /* Products */;
			projectDirPath = "";
			projectRoot = "";
			targets = (
				19FAC8332C41A8C10048471D /* omise-ios-payment-fun */,
				19FAC8432C41A8C20048471D /* omise-ios-payment-funTests */,
				19FAC84D2C41A8C20048471D /* omise-ios-payment-funUITests */,
			);
		};
/* End PBXProject section */

/* Begin PBXResourcesBuildPhase section */
		19FAC8322C41A8C10048471D /* Resources */ = {
			isa = PBXResourcesBuildPhase;
			buildActionMask = 2147483647;
			files = (
				19FAC83F2C41A8C20048471D /* Preview Assets.xcassets in Resources */,
				19FAC83C2C41A8C20048471D /* Assets.xcassets in Resources */,
			);
			runOnlyForDeploymentPostprocessing = 0;
		};
		19FAC8422C41A8C20048471D /* Resources */ = {
			isa = PBXResourcesBuildPhase;
			buildActionMask = 2147483647;
			files = (
			);
			runOnlyForDeploymentPostprocessing = 0;
		};
		19FAC84C2C41A8C20048471D /* Resources */ = {
			isa = PBXResourcesBuildPhase;
			buildActionMask = 2147483647;
			files = (
			);
			runOnlyForDeploymentPostprocessing = 0;
		};
/* End PBXResourcesBuildPhase section */

/* Begin PBXSourcesBuildPhase section */
		19FAC8302C41A8C10048471D /* Sources */ = {
			isa = PBXSourcesBuildPhase;
			buildActionMask = 2147483647;
			files = (
				19FAC83A2C41A8C10048471D /* ContentView.swift in Sources */,
				19FAC8382C41A8C10048471D /* omise_ios_payment_funApp.swift in Sources */,
			);
			runOnlyForDeploymentPostprocessing = 0;
		};
		19FAC8402C41A8C20048471D /* Sources */ = {
			isa = PBXSourcesBuildPhase;
			buildActionMask = 2147483647;
			files = (
				19FAC8492C41A8C20048471D /* omise_ios_payment_funTests.swift in Sources */,
			);
			runOnlyForDeploymentPostprocessing = 0;
		};
		19FAC84A2C41A8C20048471D /* Sources */ = {
			isa = PBXSourcesBuildPhase;
			buildActionMask = 2147483647;
			files = (
				19FAC8532C41A8C20048471D /* omise_ios_payment_funUITests.swift in Sources */,
				19FAC8552C41A8C20048471D /* omise_ios_payment_funUITestsLaunchTests.swift in Sources */,
			);
			runOnlyForDeploymentPostprocessing = 0;
		};
/* End PBXSourcesBuildPhase section */

/* Begin PBXTargetDependency section */
		19FAC8462C41A8C20048471D /* PBXTargetDependency */ = {
			isa = PBXTargetDependency;
			target = 19FAC8332C41A8C10048471D /* omise-ios-payment-fun */;
			targetProxy = 19FAC8452C41A8C20048471D /* PBXContainerItemProxy */;
		};
		19FAC8502C41A8C20048471D /* PBXTargetDependency */ = {
			isa = PBXTargetDependency;
			target = 19FAC8332C41A8C10048471D /* omise-ios-payment-fun */;
			targetProxy = 19FAC84F2C41A8C20048471D /* PBXContainerItemProxy */;
		};
/* End PBXTargetDependency section */

/* Begin XCBuildConfiguration section */
		19FAC8562C41A8C20048471D /* Debug */ = {
			isa = XCBuildConfiguration;
			buildSettings = {
				ALWAYS_SEARCH_USER_PATHS = NO;
				ASSETCATALOG_COMPILER_GENERATE_SWIFT_ASSET_SYMBOL_EXTENSIONS = YES;
				CLANG_ANALYZER_NONNULL = YES;
				CLANG_ANALYZER_NUMBER_OBJECT_CONVERSION = YES_AGGRESSIVE;
				CLANG_CXX_LANGUAGE_STANDARD = "gnu++20";
				CLANG_ENABLE_MODULES = YES;
				CLANG_ENABLE_OBJC_ARC = YES;
				CLANG_ENABLE_OBJC_WEAK = YES;
				CLANG_WARN_BLOCK_CAPTURE_AUTORELEASING = YES;
				CLANG_WARN_BOOL_CONVERSION = YES;
				CLANG_WARN_COMMA = YES;
				CLANG_WARN_CONSTANT_CONVERSION = YES;
				CLANG_WARN_DEPRECATED_OBJC_IMPLEMENTATIONS = YES;
				CLANG_WARN_DIRECT_OBJC_ISA_USAGE = YES_ERROR;
				CLANG_WARN_DOCUMENTATION_COMMENTS = YES;
				CLANG_WARN_EMPTY_BODY = YES;
				CLANG_WARN_ENUM_CONVERSION = YES;
				CLANG_WARN_INFINITE_RECURSION = YES;
				CLANG_WARN_INT_CONVERSION = YES;
				CLANG_WARN_NON_LITERAL_NULL_CONVERSION = YES;
				CLANG_WARN_OBJC_IMPLICIT_RETAIN_SELF = YES;
				CLANG_WARN_OBJC_LITERAL_CONVERSION = YES;
				CLANG_WARN_OBJC_ROOT_CLASS = YES_ERROR;
				CLANG_WARN_QUOTED_INCLUDE_IN_FRAMEWORK_HEADER = YES;
				CLANG_WARN_RANGE_LOOP_ANALYSIS = YES;
				CLANG_WARN_STRICT_PROTOTYPES = YES;
				CLANG_WARN_SUSPICIOUS_MOVE = YES;
				CLANG_WARN_UNGUARDED_AVAILABILITY = YES_AGGRESSIVE;
				CLANG_WARN_UNREACHABLE_CODE = YES;
				CLANG_WARN__DUPLICATE_METHOD_MATCH = YES;
				COPY_PHASE_STRIP = NO;
				DEBUG_INFORMATION_FORMAT = dwarf;
				ENABLE_STRICT_OBJC_MSGSEND = YES;
				ENABLE_TESTABILITY = YES;
				ENABLE_USER_SCRIPT_SANDBOXING = YES;
				GCC_C_LANGUAGE_STANDARD = gnu17;
				GCC_DYNAMIC_NO_PIC = NO;
				GCC_NO_COMMON_BLOCKS = YES;
				GCC_OPTIMIZATION_LEVEL = 0;
				GCC_PREPROCESSOR_DEFINITIONS = (
					"DEBUG=1",
					"$(inherited)",
				);
				GCC_WARN_64_TO_32_BIT_CONVERSION = YES;
				GCC_WARN_ABOUT_RETURN_TYPE = YES_ERROR;
				GCC_WARN_UNDECLARED_SELECTOR = YES;
				GCC_WARN_UNINITIALIZED_AUTOS = YES_AGGRESSIVE;
				GCC_WARN_UNUSED_FUNCTION = YES;
				GCC_WARN_UNUSED_VARIABLE = YES;
				IPHONEOS_DEPLOYMENT_TARGET = 17.5;
				LOCALIZATION_PREFERS_STRING_CATALOGS = YES;
				MTL_ENABLE_DEBUG_INFO = INCLUDE_SOURCE;
				MTL_FAST_MATH = YES;
				ONLY_ACTIVE_ARCH = YES;
				SDKROOT = iphoneos;
				SWIFT_ACTIVE_COMPILATION_CONDITIONS = "DEBUG $(inherited)";
				SWIFT_OPTIMIZATION_LEVEL = "-Onone";
			};
			name = Debug;
		};
		19FAC8572C41A8C20048471D /* Release */ = {
			isa = XCBuildConfiguration;
			buildSettings = {
				ALWAYS_SEARCH_USER_PATHS = NO;
				ASSETCATALOG_COMPILER_GENERATE_SWIFT_ASSET_SYMBOL_EXTENSIONS = YES;
				CLANG_ANALYZER_NONNULL = YES;
				CLANG_ANALYZER_NUMBER_OBJECT_CONVERSION = YES_AGGRESSIVE;
				CLANG_CXX_LANGUAGE_STANDARD = "gnu++20";
				CLANG_ENABLE_MODULES = YES;
				CLANG_ENABLE_OBJC_ARC = YES;
				CLANG_ENABLE_OBJC_WEAK = YES;
				CLANG_WARN_BLOCK_CAPTURE_AUTORELEASING = YES;
				CLANG_WARN_BOOL_CONVERSION = YES;
				CLANG_WARN_COMMA = YES;
				CLANG_WARN_CONSTANT_CONVERSION = YES;
				CLANG_WARN_DEPRECATED_OBJC_IMPLEMENTATIONS = YES;
				CLANG_WARN_DIRECT_OBJC_ISA_USAGE = YES_ERROR;
				CLANG_WARN_DOCUMENTATION_COMMENTS = YES;
				CLANG_WARN_EMPTY_BODY = YES;
				CLANG_WARN_ENUM_CONVERSION = YES;
				CLANG_WARN_INFINITE_RECURSION = YES;
				CLANG_WARN_INT_CONVERSION = YES;
				CLANG_WARN_NON_LITERAL_NULL_CONVERSION = YES;
				CLANG_WARN_OBJC_IMPLICIT_RETAIN_SELF = YES;
				CLANG_WARN_OBJC_LITERAL_CONVERSION = YES;
				CLANG_WARN_OBJC_ROOT_CLASS = YES_ERROR;
				CLANG_WARN_QUOTED_INCLUDE_IN_FRAMEWORK_HEADER = YES;
				CLANG_WARN_RANGE_LOOP_ANALYSIS = YES;
				CLANG_WARN_STRICT_PROTOTYPES = YES;
				CLANG_WARN_SUSPICIOUS_MOVE = YES;
				CLANG_WARN_UNGUARDED_AVAILABILITY = YES_AGGRESSIVE;
				CLANG_WARN_UNREACHABLE_CODE = YES;
				CLANG_WARN__DUPLICATE_METHOD_MATCH = YES;
				COPY_PHASE_STRIP = NO;
				DEBUG_INFORMATION_FORMAT = "dwarf-with-dsym";
				ENABLE_NS_ASSERTIONS = NO;
				ENABLE_STRICT_OBJC_MSGSEND = YES;
				ENABLE_USER_SCRIPT_SANDBOXING = YES;
				GCC_C_LANGUAGE_STANDARD = gnu17;
				GCC_NO_COMMON_BLOCKS = YES;
				GCC_WARN_64_TO_32_BIT_CONVERSION = YES;
				GCC_WARN_ABOUT_RETURN_TYPE = YES_ERROR;
				GCC_WARN_UNDECLARED_SELECTOR = YES;
				GCC_WARN_UNINITIALIZED_AUTOS = YES_AGGRESSIVE;
				GCC_WARN_UNUSED_FUNCTION = YES;
				GCC_WARN_UNUSED_VARIABLE = YES;
				IPHONEOS_DEPLOYMENT_TARGET = 17.5;
				LOCALIZATION_PREFERS_STRING_CATALOGS = YES;
				MTL_ENABLE_DEBUG_INFO = NO;
				MTL_FAST_MATH = YES;
				SDKROOT = iphoneos;
				SWIFT_COMPILATION_MODE = wholemodule;
				VALIDATE_PRODUCT = YES;
			};
			name = Release;
		};
		19FAC8592C41A8C20048471D /* Debug */ = {
			isa = XCBuildConfiguration;
			buildSettings = {
				ASSETCATALOG_COMPILER_APPICON_NAME = AppIcon;
				ASSETCATALOG_COMPILER_GLOBAL_ACCENT_COLOR_NAME = AccentColor;
				CODE_SIGN_STYLE = Automatic;
				CURRENT_PROJECT_VERSION = 1;
				DEVELOPMENT_ASSET_PATHS = "\"omise-ios-payment-fun/Preview Content\"";
				DEVELOPMENT_TEAM = 43BZM82BA4;
				ENABLE_PREVIEWS = YES;
				GENERATE_INFOPLIST_FILE = YES;
				INFOPLIST_KEY_UIApplicationSceneManifest_Generation = YES;
				INFOPLIST_KEY_UIApplicationSupportsIndirectInputEvents = YES;
				INFOPLIST_KEY_UILaunchScreen_Generation = YES;
				INFOPLIST_KEY_UISupportedInterfaceOrientations_iPad = "UIInterfaceOrientationPortrait UIInterfaceOrientationPortraitUpsideDown UIInterfaceOrientationLandscapeLeft UIInterfaceOrientationLandscapeRight";
				INFOPLIST_KEY_UISupportedInterfaceOrientations_iPhone = "UIInterfaceOrientationPortrait UIInterfaceOrientationLandscapeLeft UIInterfaceOrientationLandscapeRight";
				LD_RUNPATH_SEARCH_PATHS = (
					"$(inherited)",
					"@executable_path/Frameworks",
				);
				MARKETING_VERSION = 1.0;
				PRODUCT_BUNDLE_IDENTIFIER = "ithunnathorn.omise-ios-payment-fun";
				PRODUCT_NAME = "$(TARGET_NAME)";
				SWIFT_EMIT_LOC_STRINGS = YES;
				SWIFT_VERSION = 5.0;
				TARGETED_DEVICE_FAMILY = "1,2";
			};
			name = Debug;
		};
		19FAC85A2C41A8C20048471D /* Release */ = {
			isa = XCBuildConfiguration;
			buildSettings = {
				ASSETCATALOG_COMPILER_APPICON_NAME = AppIcon;
				ASSETCATALOG_COMPILER_GLOBAL_ACCENT_COLOR_NAME = AccentColor;
				CODE_SIGN_STYLE = Automatic;
				CURRENT_PROJECT_VERSION = 1;
				DEVELOPMENT_ASSET_PATHS = "\"omise-ios-payment-fun/Preview Content\"";
				DEVELOPMENT_TEAM = 43BZM82BA4;
				ENABLE_PREVIEWS = YES;
				GENERATE_INFOPLIST_FILE = YES;
				INFOPLIST_KEY_UIApplicationSceneManifest_Generation = YES;
				INFOPLIST_KEY_UIApplicationSupportsIndirectInputEvents = YES;
				INFOPLIST_KEY_UILaunchScreen_Generation = YES;
				INFOPLIST_KEY_UISupportedInterfaceOrientations_iPad = "UIInterfaceOrientationPortrait UIInterfaceOrientationPortraitUpsideDown UIInterfaceOrientationLandscapeLeft UIInterfaceOrientationLandscapeRight";
				INFOPLIST_KEY_UISupportedInterfaceOrientations_iPhone = "UIInterfaceOrientationPortrait UIInterfaceOrientationLandscapeLeft UIInterfaceOrientationLandscapeRight";
				LD_RUNPATH_SEARCH_PATHS = (
					"$(inherited)",
					"@executable_path/Frameworks",
				);
				MARKETING_VERSION = 1.0;
				PRODUCT_BUNDLE_IDENTIFIER = "ithunnathorn.omise-ios-payment-fun";
				PRODUCT_NAME = "$(TARGET_NAME)";
				SWIFT_EMIT_LOC_STRINGS = YES;
				SWIFT_VERSION = 5.0;
				TARGETED_DEVICE_FAMILY = "1,2";
			};
			name = Release;
		};
		19FAC85C2C41A8C20048471D /* Debug */ = {
			isa = XCBuildConfiguration;
			buildSettings = {
				ALWAYS_EMBED_SWIFT_STANDARD_LIBRARIES = YES;
				BUNDLE_LOADER = "$(TEST_HOST)";
				CODE_SIGN_STYLE = Automatic;
				CURRENT_PROJECT_VERSION = 1;
				DEVELOPMENT_TEAM = 43BZM82BA4;
				GENERATE_INFOPLIST_FILE = YES;
				IPHONEOS_DEPLOYMENT_TARGET = 17.5;
				MARKETING_VERSION = 1.0;
				PRODUCT_BUNDLE_IDENTIFIER = "ithunnathorn.omise-ios-payment-funTests";
				PRODUCT_NAME = "$(TARGET_NAME)";
				SWIFT_EMIT_LOC_STRINGS = NO;
				SWIFT_VERSION = 5.0;
				TARGETED_DEVICE_FAMILY = "1,2";
				TEST_HOST = "$(BUILT_PRODUCTS_DIR)/omise-ios-payment-fun.app/$(BUNDLE_EXECUTABLE_FOLDER_PATH)/omise-ios-payment-fun";
			};
			name = Debug;
		};
		19FAC85D2C41A8C20048471D /* Release */ = {
			isa = XCBuildConfiguration;
			buildSettings = {
				ALWAYS_EMBED_SWIFT_STANDARD_LIBRARIES = YES;
				BUNDLE_LOADER = "$(TEST_HOST)";
				CODE_SIGN_STYLE = Automatic;
				CURRENT_PROJECT_VERSION = 1;
				DEVELOPMENT_TEAM = 43BZM82BA4;
				GENERATE_INFOPLIST_FILE = YES;
				IPHONEOS_DEPLOYMENT_TARGET = 17.5;
				MARKETING_VERSION = 1.0;
				PRODUCT_BUNDLE_IDENTIFIER = "ithunnathorn.omise-ios-payment-funTests";
				PRODUCT_NAME = "$(TARGET_NAME)";
				SWIFT_EMIT_LOC_STRINGS = NO;
				SWIFT_VERSION = 5.0;
				TARGETED_DEVICE_FAMILY = "1,2";
				TEST_HOST = "$(BUILT_PRODUCTS_DIR)/omise-ios-payment-fun.app/$(BUNDLE_EXECUTABLE_FOLDER_PATH)/omise-ios-payment-fun";
			};
			name = Release;
		};
		19FAC85F2C41A8C20048471D /* Debug */ = {
			isa = XCBuildConfiguration;
			buildSettings = {
				ALWAYS_EMBED_SWIFT_STANDARD_LIBRARIES = YES;
				CODE_SIGN_STYLE = Automatic;
				CURRENT_PROJECT_VERSION = 1;
				DEVELOPMENT_TEAM = 43BZM82BA4;
				GENERATE_INFOPLIST_FILE = YES;
				MARKETING_VERSION = 1.0;
				PRODUCT_BUNDLE_IDENTIFIER = "ithunnathorn.omise-ios-payment-funUITests";
				PRODUCT_NAME = "$(TARGET_NAME)";
				SWIFT_EMIT_LOC_STRINGS = NO;
				SWIFT_VERSION = 5.0;
				TARGETED_DEVICE_FAMILY = "1,2";
				TEST_TARGET_NAME = "omise-ios-payment-fun";
			};
			name = Debug;
		};
		19FAC8602C41A8C20048471D /* Release */ = {
			isa = XCBuildConfiguration;
			buildSettings = {
				ALWAYS_EMBED_SWIFT_STANDARD_LIBRARIES = YES;
				CODE_SIGN_STYLE = Automatic;
				CURRENT_PROJECT_VERSION = 1;
				DEVELOPMENT_TEAM = 43BZM82BA4;
				GENERATE_INFOPLIST_FILE = YES;
				MARKETING_VERSION = 1.0;
				PRODUCT_BUNDLE_IDENTIFIER = "ithunnathorn.omise-ios-payment-funUITests";
				PRODUCT_NAME = "$(TARGET_NAME)";
				SWIFT_EMIT_LOC_STRINGS = NO;
				SWIFT_VERSION = 5.0;
				TARGETED_DEVICE_FAMILY = "1,2";
				TEST_TARGET_NAME = "omise-ios-payment-fun";
			};
			name = Release;
		};
/* End XCBuildConfiguration section */

/* Begin XCConfigurationList section */
		19FAC82F2C41A8C10048471D /* Build configuration list for PBXProject "omise-ios-payment-fun" */ = {
			isa = XCConfigurationList;
			buildConfigurations = (
				19FAC8562C41A8C20048471D /* Debug */,
				19FAC8572C41A8C20048471D /* Release */,
			);
			defaultConfigurationIsVisible = 0;
			defaultConfigurationName = Release;
		};
		19FAC8582C41A8C20048471D /* Build configuration list for PBXNativeTarget "omise-ios-payment-fun" */ = {
			isa = XCConfigurationList;
			buildConfigurations = (
				19FAC8592C41A8C20048471D /* Debug */,
				19FAC85A2C41A8C20048471D /* Release */,
			);
			defaultConfigurationIsVisible = 0;
			defaultConfigurationName = Release;
		};
		19FAC85B2C41A8C20048471D /* Build configuration list for PBXNativeTarget "omise-ios-payment-funTests" */ = {
			isa = XCConfigurationList;
			buildConfigurations = (
				19FAC85C2C41A8C20048471D /* Debug */,
				19FAC85D2C41A8C20048471D /* Release */,
			);
			defaultConfigurationIsVisible = 0;
			defaultConfigurationName = Release;
		};
		19FAC85E2C41A8C20048471D /* Build configuration list for PBXNativeTarget "omise-ios-payment-funUITests" */ = {
			isa = XCConfigurationList;
			buildConfigurations = (
				19FAC85F2C41A8C20048471D /* Debug */,
				19FAC8602C41A8C20048471D /* Release */,
			);
			defaultConfigurationIsVisible = 0;
			defaultConfigurationName = Release;
		};
/* End XCConfigurationList section */
	};
	rootObject = 19FAC82C2C41A8C10048471D /* Project object */;
}
