// !$*UTF8*$!
{
	archiveVersion = 1;
	classes = {
	};
	objectVersion = 56;
	objects = {

/* Begin PBXBuildFile section */
		19701F802C42C4DF00B083AC /* PromptPayViewModel.swift in Sources */ = {isa = PBXBuildFile; fileRef = 19701F7F2C42C4DF00B083AC /* PromptPayViewModel.swift */; };
		19701F822C42DAA300B083AC /* PaymentService.swift in Sources */ = {isa = PBXBuildFile; fileRef = 19701F812C42DAA300B083AC /* PaymentService.swift */; };
		19701F842C42E5B300B083AC /* BaseResponse.swift in Sources */ = {isa = PBXBuildFile; fileRef = 19701F832C42E5B300B083AC /* BaseResponse.swift */; };
		19701F862C42E80100B083AC /* BaseApiService.swift in Sources */ = {isa = PBXBuildFile; fileRef = 19701F852C42E80100B083AC /* BaseApiService.swift */; };
		19701F8C2C43038100B083AC /* SVGView.swift in Sources */ = {isa = PBXBuildFile; fileRef = 19701F8B2C43038100B083AC /* SVGView.swift */; };
		19701F952C430EDB00B083AC /* SwiftSVG in Frameworks */ = {isa = PBXBuildFile; productRef = 19701F942C430EDB00B083AC /* SwiftSVG */; };
		19701F982C43282100B083AC /* SwiftyJSON in Frameworks */ = {isa = PBXBuildFile; productRef = 19701F972C43282100B083AC /* SwiftyJSON */; };
		19701F9B2C44099A00B083AC /* CountdownView.swift in Sources */ = {isa = PBXBuildFile; fileRef = 19701F9A2C44099A00B083AC /* CountdownView.swift */; };
		19701F9E2C440E8600B083AC /* PaymentSuccess.swift in Sources */ = {isa = PBXBuildFile; fileRef = 19701F9D2C440E8600B083AC /* PaymentSuccess.swift */; };
		19701FA32C4438CD00B083AC /* WebView.swift in Sources */ = {isa = PBXBuildFile; fileRef = 19701FA22C4438CD00B083AC /* WebView.swift */; };
		19F6B1882C456286002C335E /* WebViewModel.swift in Sources */ = {isa = PBXBuildFile; fileRef = 19F6B1872C456286002C335E /* WebViewModel.swift */; };
		19F6B18B2C4562C1002C335E /* WebViewContainer.swift in Sources */ = {isa = PBXBuildFile; fileRef = 19F6B18A2C4562C1002C335E /* WebViewContainer.swift */; };
		19FAC8382C41A8C10048471D /* omise_ios_payment_funApp.swift in Sources */ = {isa = PBXBuildFile; fileRef = 19FAC8372C41A8C10048471D /* omise_ios_payment_funApp.swift */; };
		19FAC83A2C41A8C10048471D /* ContentView.swift in Sources */ = {isa = PBXBuildFile; fileRef = 19FAC8392C41A8C10048471D /* ContentView.swift */; };
		19FAC83C2C41A8C20048471D /* Assets.xcassets in Resources */ = {isa = PBXBuildFile; fileRef = 19FAC83B2C41A8C20048471D /* Assets.xcassets */; };
		19FAC83F2C41A8C20048471D /* Preview Assets.xcassets in Resources */ = {isa = PBXBuildFile; fileRef = 19FAC83E2C41A8C20048471D /* Preview Assets.xcassets */; };
		19FAC8492C41A8C20048471D /* omise_ios_payment_funTests.swift in Sources */ = {isa = PBXBuildFile; fileRef = 19FAC8482C41A8C20048471D /* omise_ios_payment_funTests.swift */; };
		19FAC8532C41A8C20048471D /* omise_ios_payment_funUITests.swift in Sources */ = {isa = PBXBuildFile; fileRef = 19FAC8522C41A8C20048471D /* omise_ios_payment_funUITests.swift */; };
		19FAC8552C41A8C20048471D /* omise_ios_payment_funUITestsLaunchTests.swift in Sources */ = {isa = PBXBuildFile; fileRef = 19FAC8542C41A8C20048471D /* omise_ios_payment_funUITestsLaunchTests.swift */; };
		19FAC8632C41AA240048471D /* Payment.swift in Sources */ = {isa = PBXBuildFile; fileRef = 19FAC8622C41AA240048471D /* Payment.swift */; };
		19FAC8672C41AB120048471D /* CellPaymentTypeView.swift in Sources */ = {isa = PBXBuildFile; fileRef = 19FAC8662C41AB120048471D /* CellPaymentTypeView.swift */; };
		19FAC8692C41AE370048471D /* ListPaymentTypeView.swift in Sources */ = {isa = PBXBuildFile; fileRef = 19FAC8682C41AE370048471D /* ListPaymentTypeView.swift */; };
		19FAC86C2C41B5D10048471D /* CreditCardView.swift in Sources */ = {isa = PBXBuildFile; fileRef = 19FAC86B2C41B5D10048471D /* CreditCardView.swift */; };
		19FAC86F2C41B8F80048471D /* ColorBorderStyle.swift in Sources */ = {isa = PBXBuildFile; fileRef = 19FAC86E2C41B8F80048471D /* ColorBorderStyle.swift */; };
		19FAC8732C41C96A0048471D /* PaymentDetailView.swift in Sources */ = {isa = PBXBuildFile; fileRef = 19FAC8722C41C96A0048471D /* PaymentDetailView.swift */; };
		19FAC8752C4244E70048471D /* ButtonStyle.swift in Sources */ = {isa = PBXBuildFile; fileRef = 19FAC8742C4244E70048471D /* ButtonStyle.swift */; };
		19FAC8782C426BB60048471D /* PromptPayView.swift in Sources */ = {isa = PBXBuildFile; fileRef = 19FAC8772C426BB60048471D /* PromptPayView.swift */; };
		19FAC87D2C4279E30048471D /* OmiseService.swift in Sources */ = {isa = PBXBuildFile; fileRef = 19FAC87C2C4279E30048471D /* OmiseService.swift */; };
		19FAC87F2C427A4A0048471D /* OmiseSDK in Frameworks */ = {isa = PBXBuildFile; productRef = 19FAC87E2C427A4A0048471D /* OmiseSDK */; };
		19FAC8812C428D5E0048471D /* CreditCardViewModel.swift in Sources */ = {isa = PBXBuildFile; fileRef = 19FAC8802C428D5E0048471D /* CreditCardViewModel.swift */; };
/* End PBXBuildFile section */

/* Begin PBXContainerItemProxy section */
		19FAC8452C41A8C20048471D /* PBXContainerItemProxy */ = {
			isa = PBXContainerItemProxy;
			containerPortal = 19FAC82C2C41A8C10048471D /* Project object */;
			proxyType = 1;
			remoteGlobalIDString = 19FAC8332C41A8C10048471D;
			remoteInfo = "omise-ios-payment-fun";
		};
		19FAC84F2C41A8C20048471D /* PBXContainerItemProxy */ = {
			isa = PBXContainerItemProxy;
			containerPortal = 19FAC82C2C41A8C10048471D /* Project object */;
			proxyType = 1;
			remoteGlobalIDString = 19FAC8332C41A8C10048471D;
			remoteInfo = "omise-ios-payment-fun";
		};
/* End PBXContainerItemProxy section */

/* Begin PBXFileReference section */
		19701F7F2C42C4DF00B083AC /* PromptPayViewModel.swift */ = {isa = PBXFileReference; lastKnownFileType = sourcecode.swift; path = PromptPayViewModel.swift; sourceTree = "<group>"; };
		19701F812C42DAA300B083AC /* PaymentService.swift */ = {isa = PBXFileReference; lastKnownFileType = sourcecode.swift; path = PaymentService.swift; sourceTree = "<group>"; };
		19701F832C42E5B300B083AC /* BaseResponse.swift */ = {isa = PBXFileReference; lastKnownFileType = sourcecode.swift; path = BaseResponse.swift; sourceTree = "<group>"; };
		19701F852C42E80100B083AC /* BaseApiService.swift */ = {isa = PBXFileReference; lastKnownFileType = sourcecode.swift; path = BaseApiService.swift; sourceTree = "<group>"; };
		19701F8B2C43038100B083AC /* SVGView.swift */ = {isa = PBXFileReference; lastKnownFileType = sourcecode.swift; path = SVGView.swift; sourceTree = "<group>"; };
		19701F9A2C44099A00B083AC /* CountdownView.swift */ = {isa = PBXFileReference; lastKnownFileType = sourcecode.swift; path = CountdownView.swift; sourceTree = "<group>"; };
		19701F9D2C440E8600B083AC /* PaymentSuccess.swift */ = {isa = PBXFileReference; lastKnownFileType = sourcecode.swift; path = PaymentSuccess.swift; sourceTree = "<group>"; };
		19701FA22C4438CD00B083AC /* WebView.swift */ = {isa = PBXFileReference; lastKnownFileType = sourcecode.swift; path = WebView.swift; sourceTree = "<group>"; };
		19F6B1872C456286002C335E /* WebViewModel.swift */ = {isa = PBXFileReference; lastKnownFileType = sourcecode.swift; path = WebViewModel.swift; sourceTree = "<group>"; };
		19F6B18A2C4562C1002C335E /* WebViewContainer.swift */ = {isa = PBXFileReference; lastKnownFileType = sourcecode.swift; path = WebViewContainer.swift; sourceTree = "<group>"; };
		19FAC8342C41A8C10048471D /* omise-ios-payment-fun.app */ = {isa = PBXFileReference; explicitFileType = wrapper.application; includeInIndex = 0; path = "omise-ios-payment-fun.app"; sourceTree = BUILT_PRODUCTS_DIR; };
		19FAC8372C41A8C10048471D /* omise_ios_payment_funApp.swift */ = {isa = PBXFileReference; lastKnownFileType = sourcecode.swift; path = omise_ios_payment_funApp.swift; sourceTree = "<group>"; };
		19FAC8392C41A8C10048471D /* ContentView.swift */ = {isa = PBXFileReference; lastKnownFileType = sourcecode.swift; path = ContentView.swift; sourceTree = "<group>"; };
		19FAC83B2C41A8C20048471D /* Assets.xcassets */ = {isa = PBXFileReference; lastKnownFileType = folder.assetcatalog; path = Assets.xcassets; sourceTree = "<group>"; };
		19FAC83E2C41A8C20048471D /* Preview Assets.xcassets */ = {isa = PBXFileReference; lastKnownFileType = folder.assetcatalog; path = "Preview Assets.xcassets"; sourceTree = "<group>"; };
		19FAC8442C41A8C20048471D /* omise-ios-payment-funTests.xctest */ = {isa = PBXFileReference; explicitFileType = wrapper.cfbundle; includeInIndex = 0; path = "omise-ios-payment-funTests.xctest"; sourceTree = BUILT_PRODUCTS_DIR; };
		19FAC8482C41A8C20048471D /* omise_ios_payment_funTests.swift */ = {isa = PBXFileReference; lastKnownFileType = sourcecode.swift; path = omise_ios_payment_funTests.swift; sourceTree = "<group>"; };
		19FAC84E2C41A8C20048471D /* omise-ios-payment-funUITests.xctest */ = {isa = PBXFileReference; explicitFileType = wrapper.cfbundle; includeInIndex = 0; path = "omise-ios-payment-funUITests.xctest"; sourceTree = BUILT_PRODUCTS_DIR; };
		19FAC8522C41A8C20048471D /* omise_ios_payment_funUITests.swift */ = {isa = PBXFileReference; lastKnownFileType = sourcecode.swift; path = omise_ios_payment_funUITests.swift; sourceTree = "<group>"; };
		19FAC8542C41A8C20048471D /* omise_ios_payment_funUITestsLaunchTests.swift */ = {isa = PBXFileReference; lastKnownFileType = sourcecode.swift; path = omise_ios_payment_funUITestsLaunchTests.swift; sourceTree = "<group>"; };
		19FAC8622C41AA240048471D /* Payment.swift */ = {isa = PBXFileReference; lastKnownFileType = sourcecode.swift; path = Payment.swift; sourceTree = "<group>"; };
		19FAC8662C41AB120048471D /* CellPaymentTypeView.swift */ = {isa = PBXFileReference; lastKnownFileType = sourcecode.swift; path = CellPaymentTypeView.swift; sourceTree = "<group>"; };
		19FAC8682C41AE370048471D /* ListPaymentTypeView.swift */ = {isa = PBXFileReference; lastKnownFileType = sourcecode.swift; path = ListPaymentTypeView.swift; sourceTree = "<group>"; };
		19FAC86B2C41B5D10048471D /* CreditCardView.swift */ = {isa = PBXFileReference; lastKnownFileType = sourcecode.swift; path = CreditCardView.swift; sourceTree = "<group>"; };
		19FAC86E2C41B8F80048471D /* ColorBorderStyle.swift */ = {isa = PBXFileReference; lastKnownFileType = sourcecode.swift; path = ColorBorderStyle.swift; sourceTree = "<group>"; };
		19FAC8722C41C96A0048471D /* PaymentDetailView.swift */ = {isa = PBXFileReference; lastKnownFileType = sourcecode.swift; path = PaymentDetailView.swift; sourceTree = "<group>"; };
		19FAC8742C4244E70048471D /* ButtonStyle.swift */ = {isa = PBXFileReference; lastKnownFileType = sourcecode.swift; path = ButtonStyle.swift; sourceTree = "<group>"; };
		19FAC8772C426BB60048471D /* PromptPayView.swift */ = {isa = PBXFileReference; lastKnownFileType = sourcecode.swift; path = PromptPayView.swift; sourceTree = "<group>"; };
		19FAC87C2C4279E30048471D /* OmiseService.swift */ = {isa = PBXFileReference; lastKnownFileType = sourcecode.swift; path = OmiseService.swift; sourceTree = "<group>"; };
		19FAC8802C428D5E0048471D /* CreditCardViewModel.swift */ = {isa = PBXFileReference; lastKnownFileType = sourcecode.swift; path = CreditCardViewModel.swift; sourceTree = "<group>"; };
/* End PBXFileReference section */

/* Begin PBXFrameworksBuildPhase section */
		19FAC8312C41A8C10048471D /* Frameworks */ = {
			isa = PBXFrameworksBuildPhase;
			buildActionMask = 2147483647;
			files = (
				19701F982C43282100B083AC /* SwiftyJSON in Frameworks */,
				19FAC87F2C427A4A0048471D /* OmiseSDK in Frameworks */,
				19701F952C430EDB00B083AC /* SwiftSVG in Frameworks */,
			);
			runOnlyForDeploymentPostprocessing = 0;
		};
		19FAC8412C41A8C20048471D /* Frameworks */ = {
			isa = PBXFrameworksBuildPhase;
			buildActionMask = 2147483647;
			files = (
			);
			runOnlyForDeploymentPostprocessing = 0;
		};
		19FAC84B2C41A8C20048471D /* Frameworks */ = {
			isa = PBXFrameworksBuildPhase;
			buildActionMask = 2147483647;
			files = (
			);
			runOnlyForDeploymentPostprocessing = 0;
		};
/* End PBXFrameworksBuildPhase section */

/* Begin PBXGroup section */
		19701F8A2C43036300B083AC /* SVG */ = {
			isa = PBXGroup;
			children = (
				19701F8B2C43038100B083AC /* SVGView.swift */,
			);
			path = SVG;
			sourceTree = "<group>";
		};
		19701F992C44097700B083AC /* Countdown */ = {
			isa = PBXGroup;
			children = (
				19701F9A2C44099A00B083AC /* CountdownView.swift */,
			);
			path = Countdown;
			sourceTree = "<group>";
		};
		19701F9C2C440E7500B083AC /* Success */ = {
			isa = PBXGroup;
			children = (
				19701F9D2C440E8600B083AC /* PaymentSuccess.swift */,
			);
			path = Success;
			sourceTree = "<group>";
		};
		19F6B1892C4562AE002C335E /* Container */ = {
			isa = PBXGroup;
			children = (
				19F6B18A2C4562C1002C335E /* WebViewContainer.swift */,
			);
			path = Container;
			sourceTree = "<group>";
		};
		19FAC82B2C41A8C10048471D = {
			isa = PBXGroup;
			children = (
				19FAC8362C41A8C10048471D /* omise-ios-payment-fun */,
				19FAC8472C41A8C20048471D /* omise-ios-payment-funTests */,
				19FAC8512C41A8C20048471D /* omise-ios-payment-funUITests */,
				19FAC8352C41A8C10048471D /* Products */,
			);
			sourceTree = "<group>";
		};
		19FAC8352C41A8C10048471D /* Products */ = {
			isa = PBXGroup;
			children = (
				19FAC8342C41A8C10048471D /* omise-ios-payment-fun.app */,
				19FAC8442C41A8C20048471D /* omise-ios-payment-funTests.xctest */,
				19FAC84E2C41A8C20048471D /* omise-ios-payment-funUITests.xctest */,
			);
			name = Products;
			sourceTree = "<group>";
		};
		19FAC8362C41A8C10048471D /* omise-ios-payment-fun */ = {
			isa = PBXGroup;
			children = (
				19F6B1892C4562AE002C335E /* Container */,
				19FAC87B2C4279CD0048471D /* ViewModel */,
				19FAC87A2C4279C70048471D /* Service */,
				19FAC86D2C41B8DF0048471D /* Style */,
				19FAC8642C41AAE40048471D /* View */,
				19FAC8612C41AA080048471D /* Model */,
				19FAC8372C41A8C10048471D /* omise_ios_payment_funApp.swift */,
				19FAC8392C41A8C10048471D /* ContentView.swift */,
				19FAC83B2C41A8C20048471D /* Assets.xcassets */,
				19FAC83D2C41A8C20048471D /* Preview Content */,
			);
			path = "omise-ios-payment-fun";
			sourceTree = "<group>";
		};
		19FAC83D2C41A8C20048471D /* Preview Content */ = {
			isa = PBXGroup;
			children = (
				19FAC83E2C41A8C20048471D /* Preview Assets.xcassets */,
			);
			path = "Preview Content";
			sourceTree = "<group>";
		};
		19FAC8472C41A8C20048471D /* omise-ios-payment-funTests */ = {
			isa = PBXGroup;
			children = (
				19FAC8482C41A8C20048471D /* omise_ios_payment_funTests.swift */,
			);
			path = "omise-ios-payment-funTests";
			sourceTree = "<group>";
		};
		19FAC8512C41A8C20048471D /* omise-ios-payment-funUITests */ = {
			isa = PBXGroup;
			children = (
				19FAC8522C41A8C20048471D /* omise_ios_payment_funUITests.swift */,
				19FAC8542C41A8C20048471D /* omise_ios_payment_funUITestsLaunchTests.swift */,
			);
			path = "omise-ios-payment-funUITests";
			sourceTree = "<group>";
		};
		19FAC8612C41AA080048471D /* Model */ = {
			isa = PBXGroup;
			children = (
				19FAC8622C41AA240048471D /* Payment.swift */,
				19701F832C42E5B300B083AC /* BaseResponse.swift */,
			);
			path = Model;
			sourceTree = "<group>";
		};
		19FAC8642C41AAE40048471D /* View */ = {
			isa = PBXGroup;
			children = (
				19701F9C2C440E7500B083AC /* Success */,
				19701F992C44097700B083AC /* Countdown */,
				19701F8A2C43036300B083AC /* SVG */,
				19FAC8762C426B760048471D /* PromptPay */,
				19FAC8712C41C9520048471D /* PaymentDetail */,
				19FAC86A2C41B5AB0048471D /* CreditCard */,
				19FAC8652C41AAF30048471D /* Cell */,
				19FAC8682C41AE370048471D /* ListPaymentTypeView.swift */,
				19701FA22C4438CD00B083AC /* WebView.swift */,
			);
			path = View;
			sourceTree = "<group>";
		};
		19FAC8652C41AAF30048471D /* Cell */ = {
			isa = PBXGroup;
			children = (
				19FAC8662C41AB120048471D /* CellPaymentTypeView.swift */,
			);
			path = Cell;
			sourceTree = "<group>";
		};
		19FAC86A2C41B5AB0048471D /* CreditCard */ = {
			isa = PBXGroup;
			children = (
				19FAC86B2C41B5D10048471D /* CreditCardView.swift */,
			);
			path = CreditCard;
			sourceTree = "<group>";
		};
		19FAC86D2C41B8DF0048471D /* Style */ = {
			isa = PBXGroup;
			children = (
				19FAC86E2C41B8F80048471D /* ColorBorderStyle.swift */,
				19FAC8742C4244E70048471D /* ButtonStyle.swift */,
			);
			path = Style;
			sourceTree = "<group>";
		};
		19FAC8712C41C9520048471D /* PaymentDetail */ = {
			isa = PBXGroup;
			children = (
				19FAC8722C41C96A0048471D /* PaymentDetailView.swift */,
			);
			path = PaymentDetail;
			sourceTree = "<group>";
		};
		19FAC8762C426B760048471D /* PromptPay */ = {
			isa = PBXGroup;
			children = (
				19FAC8772C426BB60048471D /* PromptPayView.swift */,
			);
			path = PromptPay;
			sourceTree = "<group>";
		};
		19FAC87A2C4279C70048471D /* Service */ = {
			isa = PBXGroup;
			children = (
				19FAC87C2C4279E30048471D /* OmiseService.swift */,
				19701F812C42DAA300B083AC /* PaymentService.swift */,
				19701F852C42E80100B083AC /* BaseApiService.swift */,
			);
			path = Service;
			sourceTree = "<group>";
		};
		19FAC87B2C4279CD0048471D /* ViewModel */ = {
			isa = PBXGroup;
			children = (
				19FAC8802C428D5E0048471D /* CreditCardViewModel.swift */,
				19701F7F2C42C4DF00B083AC /* PromptPayViewModel.swift */,
				19F6B1872C456286002C335E /* WebViewModel.swift */,
			);
			path = ViewModel;
			sourceTree = "<group>";
		};
/* End PBXGroup section */

/* Begin PBXNativeTarget section */
		19FAC8332C41A8C10048471D /* omise-ios-payment-fun */ = {
			isa = PBXNativeTarget;
			buildConfigurationList = 19FAC8582C41A8C20048471D /* Build configuration list for PBXNativeTarget "omise-ios-payment-fun" */;
			buildPhases = (
				19FAC8302C41A8C10048471D /* Sources */,
				19FAC8312C41A8C10048471D /* Frameworks */,
				19FAC8322C41A8C10048471D /* Resources */,
			);
			buildRules = (
			);
			dependencies = (
			);
			name = "omise-ios-payment-fun";
			packageProductDependencies = (
				19FAC87E2C427A4A0048471D /* OmiseSDK */,
				19701F942C430EDB00B083AC /* SwiftSVG */,
				19701F972C43282100B083AC /* SwiftyJSON */,
			);
			productName = "omise-ios-payment-fun";
			productReference = 19FAC8342C41A8C10048471D /* omise-ios-payment-fun.app */;
			productType = "com.apple.product-type.application";
		};
		19FAC8432C41A8C20048471D /* omise-ios-payment-funTests */ = {
			isa = PBXNativeTarget;
			buildConfigurationList = 19FAC85B2C41A8C20048471D /* Build configuration list for PBXNativeTarget "omise-ios-payment-funTests" */;
			buildPhases = (
				19FAC8402C41A8C20048471D /* Sources */,
				19FAC8412C41A8C20048471D /* Frameworks */,
				19FAC8422C41A8C20048471D /* Resources */,
			);
			buildRules = (
			);
			dependencies = (
				19FAC8462C41A8C20048471D /* PBXTargetDependency */,
			);
			name = "omise-ios-payment-funTests";
			productName = "omise-ios-payment-funTests";
			productReference = 19FAC8442C41A8C20048471D /* omise-ios-payment-funTests.xctest */;
			productType = "com.apple.product-type.bundle.unit-test";
		};
		19FAC84D2C41A8C20048471D /* omise-ios-payment-funUITests */ = {
			isa = PBXNativeTarget;
			buildConfigurationList = 19FAC85E2C41A8C20048471D /* Build configuration list for PBXNativeTarget "omise-ios-payment-funUITests" */;
			buildPhases = (
				19FAC84A2C41A8C20048471D /* Sources */,
				19FAC84B2C41A8C20048471D /* Frameworks */,
				19FAC84C2C41A8C20048471D /* Resources */,
			);
			buildRules = (
			);
			dependencies = (
				19FAC8502C41A8C20048471D /* PBXTargetDependency */,
			);
			name = "omise-ios-payment-funUITests";
			productName = "omise-ios-payment-funUITests";
			productReference = 19FAC84E2C41A8C20048471D /* omise-ios-payment-funUITests.xctest */;
			productType = "com.apple.product-type.bundle.ui-testing";
		};
/* End PBXNativeTarget section */

/* Begin PBXProject section */
		19FAC82C2C41A8C10048471D /* Project object */ = {
			isa = PBXProject;
			attributes = {
				BuildIndependentTargetsInParallel = 1;
				LastSwiftUpdateCheck = 1540;
				LastUpgradeCheck = 1540;
				TargetAttributes = {
					19FAC8332C41A8C10048471D = {
						CreatedOnToolsVersion = 15.4;
					};
					19FAC8432C41A8C20048471D = {
						CreatedOnToolsVersion = 15.4;
						TestTargetID = 19FAC8332C41A8C10048471D;
					};
					19FAC84D2C41A8C20048471D = {
						CreatedOnToolsVersion = 15.4;
						TestTargetID = 19FAC8332C41A8C10048471D;
					};
				};
			};
			buildConfigurationList = 19FAC82F2C41A8C10048471D /* Build configuration list for PBXProject "omise-ios-payment-fun" */;
			compatibilityVersion = "Xcode 14.0";
			developmentRegion = en;
			hasScannedForEncodings = 0;
			knownRegions = (
				en,
				Base,
			);
			mainGroup = 19FAC82B2C41A8C10048471D;
			packageReferences = (
				19FAC8702C41C4FA0048471D /* XCRemoteSwiftPackageReference "omise-ios" */,
				19701F932C430EDB00B083AC /* XCRemoteSwiftPackageReference "SwiftSVG" */,
				19701F962C43282100B083AC /* XCRemoteSwiftPackageReference "SwiftyJSON" */,
			);
			productRefGroup = 19FAC8352C41A8C10048471D /* Products */;
			projectDirPath = "";
			projectRoot = "";
			targets = (
				19FAC8332C41A8C10048471D /* omise-ios-payment-fun */,
				19FAC8432C41A8C20048471D /* omise-ios-payment-funTests */,
				19FAC84D2C41A8C20048471D /* omise-ios-payment-funUITests */,
			);
		};
/* End PBXProject section */

/* Begin PBXResourcesBuildPhase section */
		19FAC8322C41A8C10048471D /* Resources */ = {
			isa = PBXResourcesBuildPhase;
			buildActionMask = 2147483647;
			files = (
				19FAC83F2C41A8C20048471D /* Preview Assets.xcassets in Resources */,
				19FAC83C2C41A8C20048471D /* Assets.xcassets in Resources */,
			);
			runOnlyForDeploymentPostprocessing = 0;
		};
		19FAC8422C41A8C20048471D /* Resources */ = {
			isa = PBXResourcesBuildPhase;
			buildActionMask = 2147483647;
			files = (
			);
			runOnlyForDeploymentPostprocessing = 0;
		};
		19FAC84C2C41A8C20048471D /* Resources */ = {
			isa = PBXResourcesBuildPhase;
			buildActionMask = 2147483647;
			files = (
			);
			runOnlyForDeploymentPostprocessing = 0;
		};
/* End PBXResourcesBuildPhase section */

/* Begin PBXSourcesBuildPhase section */
		19FAC8302C41A8C10048471D /* Sources */ = {
			isa = PBXSourcesBuildPhase;
			buildActionMask = 2147483647;
			files = (
				19701F9E2C440E8600B083AC /* PaymentSuccess.swift in Sources */,
				19701FA32C4438CD00B083AC /* WebView.swift in Sources */,
				19701F9B2C44099A00B083AC /* CountdownView.swift in Sources */,
				19701F842C42E5B300B083AC /* BaseResponse.swift in Sources */,
				19FAC83A2C41A8C10048471D /* ContentView.swift in Sources */,
				19FAC8812C428D5E0048471D /* CreditCardViewModel.swift in Sources */,
				19FAC8632C41AA240048471D /* Payment.swift in Sources */,
				19FAC87D2C4279E30048471D /* OmiseService.swift in Sources */,
				19701F862C42E80100B083AC /* BaseApiService.swift in Sources */,
				19701F8C2C43038100B083AC /* SVGView.swift in Sources */,
				19FAC8692C41AE370048471D /* ListPaymentTypeView.swift in Sources */,
				19F6B18B2C4562C1002C335E /* WebViewContainer.swift in Sources */,
				19FAC8382C41A8C10048471D /* omise_ios_payment_funApp.swift in Sources */,
				19FAC8672C41AB120048471D /* CellPaymentTypeView.swift in Sources */,
				19F6B1882C456286002C335E /* WebViewModel.swift in Sources */,
				19FAC86C2C41B5D10048471D /* CreditCardView.swift in Sources */,
				19FAC8752C4244E70048471D /* ButtonStyle.swift in Sources */,
				19FAC8782C426BB60048471D /* PromptPayView.swift in Sources */,
				19701F802C42C4DF00B083AC /* PromptPayViewModel.swift in Sources */,
				19FAC8732C41C96A0048471D /* PaymentDetailView.swift in Sources */,
				19701F822C42DAA300B083AC /* PaymentService.swift in Sources */,
				19FAC86F2C41B8F80048471D /* ColorBorderStyle.swift in Sources */,
			);
			runOnlyForDeploymentPostprocessing = 0;
		};
		19FAC8402C41A8C20048471D /* Sources */ = {
			isa = PBXSourcesBuildPhase;
			buildActionMask = 2147483647;
			files = (
				19FAC8492C41A8C20048471D /* omise_ios_payment_funTests.swift in Sources */,
			);
			runOnlyForDeploymentPostprocessing = 0;
		};
		19FAC84A2C41A8C20048471D /* Sources */ = {
			isa = PBXSourcesBuildPhase;
			buildActionMask = 2147483647;
			files = (
				19FAC8532C41A8C20048471D /* omise_ios_payment_funUITests.swift in Sources */,
				19FAC8552C41A8C20048471D /* omise_ios_payment_funUITestsLaunchTests.swift in Sources */,
			);
			runOnlyForDeploymentPostprocessing = 0;
		};
/* End PBXSourcesBuildPhase section */

/* Begin PBXTargetDependency section */
		19FAC8462C41A8C20048471D /* PBXTargetDependency */ = {
			isa = PBXTargetDependency;
			target = 19FAC8332C41A8C10048471D /* omise-ios-payment-fun */;
			targetProxy = 19FAC8452C41A8C20048471D /* PBXContainerItemProxy */;
		};
		19FAC8502C41A8C20048471D /* PBXTargetDependency */ = {
			isa = PBXTargetDependency;
			target = 19FAC8332C41A8C10048471D /* omise-ios-payment-fun */;
			targetProxy = 19FAC84F2C41A8C20048471D /* PBXContainerItemProxy */;
		};
/* End PBXTargetDependency section */

/* Begin XCBuildConfiguration section */
		19FAC8562C41A8C20048471D /* Debug */ = {
			isa = XCBuildConfiguration;
			buildSettings = {
				ALWAYS_SEARCH_USER_PATHS = NO;
				ASSETCATALOG_COMPILER_GENERATE_SWIFT_ASSET_SYMBOL_EXTENSIONS = YES;
				CLANG_ANALYZER_NONNULL = YES;
				CLANG_ANALYZER_NUMBER_OBJECT_CONVERSION = YES_AGGRESSIVE;
				CLANG_CXX_LANGUAGE_STANDARD = "gnu++20";
				CLANG_ENABLE_MODULES = YES;
				CLANG_ENABLE_OBJC_ARC = YES;
				CLANG_ENABLE_OBJC_WEAK = YES;
				CLANG_WARN_BLOCK_CAPTURE_AUTORELEASING = YES;
				CLANG_WARN_BOOL_CONVERSION = YES;
				CLANG_WARN_COMMA = YES;
				CLANG_WARN_CONSTANT_CONVERSION = YES;
				CLANG_WARN_DEPRECATED_OBJC_IMPLEMENTATIONS = YES;
				CLANG_WARN_DIRECT_OBJC_ISA_USAGE = YES_ERROR;
				CLANG_WARN_DOCUMENTATION_COMMENTS = YES;
				CLANG_WARN_EMPTY_BODY = YES;
				CLANG_WARN_ENUM_CONVERSION = YES;
				CLANG_WARN_INFINITE_RECURSION = YES;
				CLANG_WARN_INT_CONVERSION = YES;
				CLANG_WARN_NON_LITERAL_NULL_CONVERSION = YES;
				CLANG_WARN_OBJC_IMPLICIT_RETAIN_SELF = YES;
				CLANG_WARN_OBJC_LITERAL_CONVERSION = YES;
				CLANG_WARN_OBJC_ROOT_CLASS = YES_ERROR;
				CLANG_WARN_QUOTED_INCLUDE_IN_FRAMEWORK_HEADER = YES;
				CLANG_WARN_RANGE_LOOP_ANALYSIS = YES;
				CLANG_WARN_STRICT_PROTOTYPES = YES;
				CLANG_WARN_SUSPICIOUS_MOVE = YES;
				CLANG_WARN_UNGUARDED_AVAILABILITY = YES_AGGRESSIVE;
				CLANG_WARN_UNREACHABLE_CODE = YES;
				CLANG_WARN__DUPLICATE_METHOD_MATCH = YES;
				COPY_PHASE_STRIP = NO;
				DEBUG_INFORMATION_FORMAT = dwarf;
				ENABLE_STRICT_OBJC_MSGSEND = YES;
				ENABLE_TESTABILITY = YES;
				ENABLE_USER_SCRIPT_SANDBOXING = YES;
				GCC_C_LANGUAGE_STANDARD = gnu17;
				GCC_DYNAMIC_NO_PIC = NO;
				GCC_NO_COMMON_BLOCKS = YES;
				GCC_OPTIMIZATION_LEVEL = 0;
				GCC_PREPROCESSOR_DEFINITIONS = (
					"DEBUG=1",
					"$(inherited)",
				);
				GCC_WARN_64_TO_32_BIT_CONVERSION = YES;
				GCC_WARN_ABOUT_RETURN_TYPE = YES_ERROR;
				GCC_WARN_UNDECLARED_SELECTOR = YES;
				GCC_WARN_UNINITIALIZED_AUTOS = YES_AGGRESSIVE;
				GCC_WARN_UNUSED_FUNCTION = YES;
				GCC_WARN_UNUSED_VARIABLE = YES;
				IPHONEOS_DEPLOYMENT_TARGET = 17.5;
				LOCALIZATION_PREFERS_STRING_CATALOGS = YES;
				MTL_ENABLE_DEBUG_INFO = INCLUDE_SOURCE;
				MTL_FAST_MATH = YES;
				ONLY_ACTIVE_ARCH = YES;
				SDKROOT = iphoneos;
				SWIFT_ACTIVE_COMPILATION_CONDITIONS = "DEBUG $(inherited)";
				SWIFT_OPTIMIZATION_LEVEL = "-Onone";
			};
			name = Debug;
		};
		19FAC8572C41A8C20048471D /* Release */ = {
			isa = XCBuildConfiguration;
			buildSettings = {
				ALWAYS_SEARCH_USER_PATHS = NO;
				ASSETCATALOG_COMPILER_GENERATE_SWIFT_ASSET_SYMBOL_EXTENSIONS = YES;
				CLANG_ANALYZER_NONNULL = YES;
				CLANG_ANALYZER_NUMBER_OBJECT_CONVERSION = YES_AGGRESSIVE;
				CLANG_CXX_LANGUAGE_STANDARD = "gnu++20";
				CLANG_ENABLE_MODULES = YES;
				CLANG_ENABLE_OBJC_ARC = YES;
				CLANG_ENABLE_OBJC_WEAK = YES;
				CLANG_WARN_BLOCK_CAPTURE_AUTORELEASING = YES;
				CLANG_WARN_BOOL_CONVERSION = YES;
				CLANG_WARN_COMMA = YES;
				CLANG_WARN_CONSTANT_CONVERSION = YES;
				CLANG_WARN_DEPRECATED_OBJC_IMPLEMENTATIONS = YES;
				CLANG_WARN_DIRECT_OBJC_ISA_USAGE = YES_ERROR;
				CLANG_WARN_DOCUMENTATION_COMMENTS = YES;
				CLANG_WARN_EMPTY_BODY = YES;
				CLANG_WARN_ENUM_CONVERSION = YES;
				CLANG_WARN_INFINITE_RECURSION = YES;
				CLANG_WARN_INT_CONVERSION = YES;
				CLANG_WARN_NON_LITERAL_NULL_CONVERSION = YES;
				CLANG_WARN_OBJC_IMPLICIT_RETAIN_SELF = YES;
				CLANG_WARN_OBJC_LITERAL_CONVERSION = YES;
				CLANG_WARN_OBJC_ROOT_CLASS = YES_ERROR;
				CLANG_WARN_QUOTED_INCLUDE_IN_FRAMEWORK_HEADER = YES;
				CLANG_WARN_RANGE_LOOP_ANALYSIS = YES;
				CLANG_WARN_STRICT_PROTOTYPES = YES;
				CLANG_WARN_SUSPICIOUS_MOVE = YES;
				CLANG_WARN_UNGUARDED_AVAILABILITY = YES_AGGRESSIVE;
				CLANG_WARN_UNREACHABLE_CODE = YES;
				CLANG_WARN__DUPLICATE_METHOD_MATCH = YES;
				COPY_PHASE_STRIP = NO;
				DEBUG_INFORMATION_FORMAT = "dwarf-with-dsym";
				ENABLE_NS_ASSERTIONS = NO;
				ENABLE_STRICT_OBJC_MSGSEND = YES;
				ENABLE_USER_SCRIPT_SANDBOXING = YES;
				GCC_C_LANGUAGE_STANDARD = gnu17;
				GCC_NO_COMMON_BLOCKS = YES;
				GCC_WARN_64_TO_32_BIT_CONVERSION = YES;
				GCC_WARN_ABOUT_RETURN_TYPE = YES_ERROR;
				GCC_WARN_UNDECLARED_SELECTOR = YES;
				GCC_WARN_UNINITIALIZED_AUTOS = YES_AGGRESSIVE;
				GCC_WARN_UNUSED_FUNCTION = YES;
				GCC_WARN_UNUSED_VARIABLE = YES;
				IPHONEOS_DEPLOYMENT_TARGET = 17.5;
				LOCALIZATION_PREFERS_STRING_CATALOGS = YES;
				MTL_ENABLE_DEBUG_INFO = NO;
				MTL_FAST_MATH = YES;
				SDKROOT = iphoneos;
				SWIFT_COMPILATION_MODE = wholemodule;
				VALIDATE_PRODUCT = YES;
			};
			name = Release;
		};
		19FAC8592C41A8C20048471D /* Debug */ = {
			isa = XCBuildConfiguration;
			buildSettings = {
				ASSETCATALOG_COMPILER_APPICON_NAME = AppIcon;
				ASSETCATALOG_COMPILER_GLOBAL_ACCENT_COLOR_NAME = AccentColor;
				CODE_SIGN_STYLE = Automatic;
				CURRENT_PROJECT_VERSION = 1;
				DEVELOPMENT_ASSET_PATHS = "\"omise-ios-payment-fun/Preview Content\"";
				DEVELOPMENT_TEAM = 43BZM82BA4;
				ENABLE_PREVIEWS = YES;
				GENERATE_INFOPLIST_FILE = YES;
				INFOPLIST_KEY_UIApplicationSceneManifest_Generation = YES;
				INFOPLIST_KEY_UIApplicationSupportsIndirectInputEvents = YES;
				INFOPLIST_KEY_UILaunchScreen_Generation = YES;
				INFOPLIST_KEY_UISupportedInterfaceOrientations_iPad = "UIInterfaceOrientationPortrait UIInterfaceOrientationPortraitUpsideDown UIInterfaceOrientationLandscapeLeft UIInterfaceOrientationLandscapeRight";
				INFOPLIST_KEY_UISupportedInterfaceOrientations_iPhone = "UIInterfaceOrientationPortrait UIInterfaceOrientationLandscapeLeft UIInterfaceOrientationLandscapeRight";
				LD_RUNPATH_SEARCH_PATHS = (
					"$(inherited)",
					"@executable_path/Frameworks",
				);
				MARKETING_VERSION = 1.0;
				PRODUCT_BUNDLE_IDENTIFIER = "ithunnathorn.omise-ios-payment-fun";
				PRODUCT_NAME = "$(TARGET_NAME)";
				SWIFT_EMIT_LOC_STRINGS = YES;
				SWIFT_VERSION = 5.0;
				TARGETED_DEVICE_FAMILY = "1,2";
			};
			name = Debug;
		};
		19FAC85A2C41A8C20048471D /* Release */ = {
			isa = XCBuildConfiguration;
			buildSettings = {
				ASSETCATALOG_COMPILER_APPICON_NAME = AppIcon;
				ASSETCATALOG_COMPILER_GLOBAL_ACCENT_COLOR_NAME = AccentColor;
				CODE_SIGN_STYLE = Automatic;
				CURRENT_PROJECT_VERSION = 1;
				DEVELOPMENT_ASSET_PATHS = "\"omise-ios-payment-fun/Preview Content\"";
				DEVELOPMENT_TEAM = 43BZM82BA4;
				ENABLE_PREVIEWS = YES;
				GENERATE_INFOPLIST_FILE = YES;
				INFOPLIST_KEY_UIApplicationSceneManifest_Generation = YES;
				INFOPLIST_KEY_UIApplicationSupportsIndirectInputEvents = YES;
				INFOPLIST_KEY_UILaunchScreen_Generation = YES;
				INFOPLIST_KEY_UISupportedInterfaceOrientations_iPad = "UIInterfaceOrientationPortrait UIInterfaceOrientationPortraitUpsideDown UIInterfaceOrientationLandscapeLeft UIInterfaceOrientationLandscapeRight";
				INFOPLIST_KEY_UISupportedInterfaceOrientations_iPhone = "UIInterfaceOrientationPortrait UIInterfaceOrientationLandscapeLeft UIInterfaceOrientationLandscapeRight";
				LD_RUNPATH_SEARCH_PATHS = (
					"$(inherited)",
					"@executable_path/Frameworks",
				);
				MARKETING_VERSION = 1.0;
				PRODUCT_BUNDLE_IDENTIFIER = "ithunnathorn.omise-ios-payment-fun";
				PRODUCT_NAME = "$(TARGET_NAME)";
				SWIFT_EMIT_LOC_STRINGS = YES;
				SWIFT_VERSION = 5.0;
				TARGETED_DEVICE_FAMILY = "1,2";
			};
			name = Release;
		};
		19FAC85C2C41A8C20048471D /* Debug */ = {
			isa = XCBuildConfiguration;
			buildSettings = {
				ALWAYS_EMBED_SWIFT_STANDARD_LIBRARIES = YES;
				BUNDLE_LOADER = "$(TEST_HOST)";
				CODE_SIGN_STYLE = Automatic;
				CURRENT_PROJECT_VERSION = 1;
				DEVELOPMENT_TEAM = 43BZM82BA4;
				GENERATE_INFOPLIST_FILE = YES;
				IPHONEOS_DEPLOYMENT_TARGET = 17.5;
				MARKETING_VERSION = 1.0;
				PRODUCT_BUNDLE_IDENTIFIER = "ithunnathorn.omise-ios-payment-funTests";
				PRODUCT_NAME = "$(TARGET_NAME)";
				SWIFT_EMIT_LOC_STRINGS = NO;
				SWIFT_VERSION = 5.0;
				TARGETED_DEVICE_FAMILY = "1,2";
				TEST_HOST = "$(BUILT_PRODUCTS_DIR)/omise-ios-payment-fun.app/$(BUNDLE_EXECUTABLE_FOLDER_PATH)/omise-ios-payment-fun";
			};
			name = Debug;
		};
		19FAC85D2C41A8C20048471D /* Release */ = {
			isa = XCBuildConfiguration;
			buildSettings = {
				ALWAYS_EMBED_SWIFT_STANDARD_LIBRARIES = YES;
				BUNDLE_LOADER = "$(TEST_HOST)";
				CODE_SIGN_STYLE = Automatic;
				CURRENT_PROJECT_VERSION = 1;
				DEVELOPMENT_TEAM = 43BZM82BA4;
				GENERATE_INFOPLIST_FILE = YES;
				IPHONEOS_DEPLOYMENT_TARGET = 17.5;
				MARKETING_VERSION = 1.0;
				PRODUCT_BUNDLE_IDENTIFIER = "ithunnathorn.omise-ios-payment-funTests";
				PRODUCT_NAME = "$(TARGET_NAME)";
				SWIFT_EMIT_LOC_STRINGS = NO;
				SWIFT_VERSION = 5.0;
				TARGETED_DEVICE_FAMILY = "1,2";
				TEST_HOST = "$(BUILT_PRODUCTS_DIR)/omise-ios-payment-fun.app/$(BUNDLE_EXECUTABLE_FOLDER_PATH)/omise-ios-payment-fun";
			};
			name = Release;
		};
		19FAC85F2C41A8C20048471D /* Debug */ = {
			isa = XCBuildConfiguration;
			buildSettings = {
				ALWAYS_EMBED_SWIFT_STANDARD_LIBRARIES = YES;
				CODE_SIGN_STYLE = Automatic;
				CURRENT_PROJECT_VERSION = 1;
				DEVELOPMENT_TEAM = 43BZM82BA4;
				GENERATE_INFOPLIST_FILE = YES;
				MARKETING_VERSION = 1.0;
				PRODUCT_BUNDLE_IDENTIFIER = "ithunnathorn.omise-ios-payment-funUITests";
				PRODUCT_NAME = "$(TARGET_NAME)";
				SWIFT_EMIT_LOC_STRINGS = NO;
				SWIFT_VERSION = 5.0;
				TARGETED_DEVICE_FAMILY = "1,2";
				TEST_TARGET_NAME = "omise-ios-payment-fun";
			};
			name = Debug;
		};
		19FAC8602C41A8C20048471D /* Release */ = {
			isa = XCBuildConfiguration;
			buildSettings = {
				ALWAYS_EMBED_SWIFT_STANDARD_LIBRARIES = YES;
				CODE_SIGN_STYLE = Automatic;
				CURRENT_PROJECT_VERSION = 1;
				DEVELOPMENT_TEAM = 43BZM82BA4;
				GENERATE_INFOPLIST_FILE = YES;
				MARKETING_VERSION = 1.0;
				PRODUCT_BUNDLE_IDENTIFIER = "ithunnathorn.omise-ios-payment-funUITests";
				PRODUCT_NAME = "$(TARGET_NAME)";
				SWIFT_EMIT_LOC_STRINGS = NO;
				SWIFT_VERSION = 5.0;
				TARGETED_DEVICE_FAMILY = "1,2";
				TEST_TARGET_NAME = "omise-ios-payment-fun";
			};
			name = Release;
		};
/* End XCBuildConfiguration section */

/* Begin XCConfigurationList section */
		19FAC82F2C41A8C10048471D /* Build configuration list for PBXProject "omise-ios-payment-fun" */ = {
			isa = XCConfigurationList;
			buildConfigurations = (
				19FAC8562C41A8C20048471D /* Debug */,
				19FAC8572C41A8C20048471D /* Release */,
			);
			defaultConfigurationIsVisible = 0;
			defaultConfigurationName = Release;
		};
		19FAC8582C41A8C20048471D /* Build configuration list for PBXNativeTarget "omise-ios-payment-fun" */ = {
			isa = XCConfigurationList;
			buildConfigurations = (
				19FAC8592C41A8C20048471D /* Debug */,
				19FAC85A2C41A8C20048471D /* Release */,
			);
			defaultConfigurationIsVisible = 0;
			defaultConfigurationName = Release;
		};
		19FAC85B2C41A8C20048471D /* Build configuration list for PBXNativeTarget "omise-ios-payment-funTests" */ = {
			isa = XCConfigurationList;
			buildConfigurations = (
				19FAC85C2C41A8C20048471D /* Debug */,
				19FAC85D2C41A8C20048471D /* Release */,
			);
			defaultConfigurationIsVisible = 0;
			defaultConfigurationName = Release;
		};
		19FAC85E2C41A8C20048471D /* Build configuration list for PBXNativeTarget "omise-ios-payment-funUITests" */ = {
			isa = XCConfigurationList;
			buildConfigurations = (
				19FAC85F2C41A8C20048471D /* Debug */,
				19FAC8602C41A8C20048471D /* Release */,
			);
			defaultConfigurationIsVisible = 0;
			defaultConfigurationName = Release;
		};
/* End XCConfigurationList section */

/* Begin XCRemoteSwiftPackageReference section */
		19701F932C430EDB00B083AC /* XCRemoteSwiftPackageReference "SwiftSVG" */ = {
			isa = XCRemoteSwiftPackageReference;
			repositoryURL = "https://github.com/richardpiazza/SwiftSVG.git";
			requirement = {
				kind = exactVersion;
				version = 0.11.0;
			};
		};
		19701F962C43282100B083AC /* XCRemoteSwiftPackageReference "SwiftyJSON" */ = {
			isa = XCRemoteSwiftPackageReference;
			repositoryURL = "https://github.com/SwiftyJSON/SwiftyJSON.git";
			requirement = {
				kind = upToNextMajorVersion;
				minimumVersion = 5.0.2;
			};
		};
		19FAC8702C41C4FA0048471D /* XCRemoteSwiftPackageReference "omise-ios" */ = {
			isa = XCRemoteSwiftPackageReference;
			repositoryURL = "https://github.com/omise/omise-ios.git";
			requirement = {
				kind = exactVersion;
				version = 4.27.1;
			};
		};
/* End XCRemoteSwiftPackageReference section */

/* Begin XCSwiftPackageProductDependency section */
		19701F942C430EDB00B083AC /* SwiftSVG */ = {
			isa = XCSwiftPackageProductDependency;
			package = 19701F932C430EDB00B083AC /* XCRemoteSwiftPackageReference "SwiftSVG" */;
			productName = SwiftSVG;
		};
		19701F972C43282100B083AC /* SwiftyJSON */ = {
			isa = XCSwiftPackageProductDependency;
			package = 19701F962C43282100B083AC /* XCRemoteSwiftPackageReference "SwiftyJSON" */;
			productName = SwiftyJSON;
		};
		19FAC87E2C427A4A0048471D /* OmiseSDK */ = {
			isa = XCSwiftPackageProductDependency;
			package = 19FAC8702C41C4FA0048471D /* XCRemoteSwiftPackageReference "omise-ios" */;
			productName = OmiseSDK;
		};
/* End XCSwiftPackageProductDependency section */
	};
	rootObject = 19FAC82C2C41A8C10048471D /* Project object */;
}
